Microsoft Visual Studio Solution File, Format Version 12.00
# Visual Studio 15
VisualStudioVersion = 15.0.26730.12
MinimumVisualStudioVersion = 10.0.40219.1
Project("{9A19103F-16F7-4668-BE54-9A1E7A4F7556}") = "FDS.Common", "FDS.Common\FDS.Common.csproj", "{864DD09B-B12D-4E8D-AC51-156659683EEC}"
EndProject
Project("{9A19103F-16F7-4668-BE54-9A1E7A4F7556}") = "FDS.Model", "FDS.Model\FDS.Model.csproj", "{8C898596-C586-4C0D-9C18-3B419386380F}"
EndProject
Project("{FAE04EC0-301F-11D3-BF4B-00C04F79EFBC}") = "FDS.Portal", "FDS.Portal\FDS.Portal.csproj", "{2C08A92C-B170-44A2-8194-7982223323B6}"
EndProject
Project("{9A19103F-16F7-4668-BE54-9A1E7A4F7556}") = "FDS.WebApi", "FDS.WebApi\FDS.WebApi.csproj", "{D363ACEE-94B0-4D0A-9188-CF505BEF3708}"
EndProject
Project("{9A19103F-16F7-4668-BE54-9A1E7A4F7556}") = "AspNetCore.Security.CAS", "AspNetCore.Security.CAS\AspNetCore.Security.CAS.csproj", "{46E2161D-92C7-477B-8420-6865F32DBA19}"
EndProject
Global
	GlobalSection(SolutionConfigurationPlatforms) = preSolution
		Debug|Any CPU = Debug|Any CPU
		Debug|x86 = Debug|x86
		Release|Any CPU = Release|Any CPU
		Release|x86 = Release|x86
	EndGlobalSection
	GlobalSection(ProjectConfigurationPlatforms) = postSolution
		{864DD09B-B12D-4E8D-AC51-156659683EEC}.Debug|Any CPU.ActiveCfg = Debug|Any CPU
		{864DD09B-B12D-4E8D-AC51-156659683EEC}.Debug|Any CPU.Build.0 = Debug|Any CPU
		{864DD09B-B12D-4E8D-AC51-156659683EEC}.Debug|x86.ActiveCfg = Debug|Any CPU
		{864DD09B-B12D-4E8D-AC51-156659683EEC}.Debug|x86.Build.0 = Debug|Any CPU
		{864DD09B-B12D-4E8D-AC51-156659683EEC}.Release|Any CPU.ActiveCfg = Release|Any CPU
		{864DD09B-B12D-4E8D-AC51-156659683EEC}.Release|Any CPU.Build.0 = Release|Any CPU
		{864DD09B-B12D-4E8D-AC51-156659683EEC}.Release|x86.ActiveCfg = Release|Any CPU
		{864DD09B-B12D-4E8D-AC51-156659683EEC}.Release|x86.Build.0 = Release|Any CPU
		{8C898596-C586-4C0D-9C18-3B419386380F}.Debug|Any CPU.ActiveCfg = Debug|Any CPU
		{8C898596-C586-4C0D-9C18-3B419386380F}.Debug|Any CPU.Build.0 = Debug|Any CPU
		{8C898596-C586-4C0D-9C18-3B419386380F}.Debug|x86.ActiveCfg = Debug|Any CPU
		{8C898596-C586-4C0D-9C18-3B419386380F}.Debug|x86.Build.0 = Debug|Any CPU
		{8C898596-C586-4C0D-9C18-3B419386380F}.Release|Any CPU.ActiveCfg = Release|Any CPU
		{8C898596-C586-4C0D-9C18-3B419386380F}.Release|Any CPU.Build.0 = Release|Any CPU
		{8C898596-C586-4C0D-9C18-3B419386380F}.Release|x86.ActiveCfg = Release|Any CPU
		{8C898596-C586-4C0D-9C18-3B419386380F}.Release|x86.Build.0 = Release|Any CPU
		{2C08A92C-B170-44A2-8194-7982223323B6}.Debug|Any CPU.ActiveCfg = Debug|Any CPU
		{2C08A92C-B170-44A2-8194-7982223323B6}.Debug|Any CPU.Build.0 = Debug|Any CPU
		{2C08A92C-B170-44A2-8194-7982223323B6}.Debug|x86.ActiveCfg = Debug|Any CPU
		{2C08A92C-B170-44A2-8194-7982223323B6}.Debug|x86.Build.0 = Debug|Any CPU
		{2C08A92C-B170-44A2-8194-7982223323B6}.Release|Any CPU.ActiveCfg = Release|Any CPU
		{2C08A92C-B170-44A2-8194-7982223323B6}.Release|Any CPU.Build.0 = Release|Any CPU
		{2C08A92C-B170-44A2-8194-7982223323B6}.Release|x86.ActiveCfg = Release|Any CPU
		{2C08A92C-B170-44A2-8194-7982223323B6}.Release|x86.Build.0 = Release|Any CPU
		{D363ACEE-94B0-4D0A-9188-CF505BEF3708}.Debug|Any CPU.ActiveCfg = Debug|Any CPU
		{D363ACEE-94B0-4D0A-9188-CF505BEF3708}.Debug|Any CPU.Build.0 = Debug|Any CPU
		{D363ACEE-94B0-4D0A-9188-CF505BEF3708}.Debug|x86.ActiveCfg = Debug|Any CPU
		{D363ACEE-94B0-4D0A-9188-CF505BEF3708}.Debug|x86.Build.0 = Debug|Any CPU
		{D363ACEE-94B0-4D0A-9188-CF505BEF3708}.Release|Any CPU.ActiveCfg = Release|Any CPU
		{D363ACEE-94B0-4D0A-9188-CF505BEF3708}.Release|Any CPU.Build.0 = Release|Any CPU
		{D363ACEE-94B0-4D0A-9188-CF505BEF3708}.Release|x86.ActiveCfg = Release|Any CPU
		{D363ACEE-94B0-4D0A-9188-CF505BEF3708}.Release|x86.Build.0 = Release|Any CPU
		{46E2161D-92C7-477B-8420-6865F32DBA19}.Debug|Any CPU.ActiveCfg = Debug|Any CPU
		{46E2161D-92C7-477B-8420-6865F32DBA19}.Debug|Any CPU.Build.0 = Debug|Any CPU
		{46E2161D-92C7-477B-8420-6865F32DBA19}.Debug|x86.ActiveCfg = Debug|Any CPU
		{46E2161D-92C7-477B-8420-6865F32DBA19}.Debug|x86.Build.0 = Debug|Any CPU
		{46E2161D-92C7-477B-8420-6865F32DBA19}.Release|Any CPU.ActiveCfg = Release|Any CPU
		{46E2161D-92C7-477B-8420-6865F32DBA19}.Release|Any CPU.Build.0 = Release|Any CPU
		{46E2161D-92C7-477B-8420-6865F32DBA19}.Release|x86.ActiveCfg = Release|Any CPU
		{46E2161D-92C7-477B-8420-6865F32DBA19}.Release|x86.Build.0 = Release|Any CPU
	EndGlobalSection
	GlobalSection(SolutionProperties) = preSolution
		HideSolutionNode = FALSE
	EndGlobalSection
	GlobalSection(ExtensibilityGlobals) = postSolution
		SolutionGuid = {8F347C30-C094-4C91-9E32-DD9B3FAD3F84}
	EndGlobalSection
EndGlobal
